
Microsoft Visual Studio Solution File, Format Version 12.00
# Visual Studio Version 17
VisualStudioVersion = 17.11.35431.28
MinimumVisualStudioVersion = 10.0.40219.1
Project("{FAE04EC0-301F-11D3-BF4B-00C04F79EFBC}") = "FlaUITestProject", "FlaUITestProject\FlaUITestProject.csproj", "{7635DC89-CA50-48A6-AED7-34B39AFA229B}"
EndProject
Global
	GlobalSection(SolutionConfigurationPlatforms) = preSolution
		Debug|Any CPU = Debug|Any CPU
		Release|Any CPU = Release|Any CPU
	EndGlobalSection
	GlobalSection(ProjectConfigurationPlatforms) = postSolution
		{7635DC89-CA50-48A6-AED7-34B39AFA229B}.Debug|Any CPU.ActiveCfg = Debug|Any CPU
		{7635DC89-CA50-48A6-AED7-34B39AFA229B}.Debug|Any CPU.Build.0 = Debug|Any CPU
		{7635DC89-CA50-48A6-AED7-34B39AFA229B}.Release|Any CPU.ActiveCfg = Release|Any CPU
		{7635DC89-CA50-48A6-AED7-34B39AFA229B}.Release|Any CPU.Build.0 = Release|Any CPU
	EndGlobalSection
	GlobalSection(SolutionProperties) = preSolution
		HideSolutionNode = FALSE
	EndGlobalSection
	GlobalSection(ExtensibilityGlobals) = postSolution
		SolutionGuid = {244F05E8-7C44-4D2D-BE3C-79FF928EB8BF}
	EndGlobalSection
EndGlobal
